
Microsoft Visual Studio Solution File, Format Version 12.00
# Visual Studio Version 16
VisualStudioVersion = 16.0.31702.278
MinimumVisualStudioVersion = 10.0.40219.1
Project("{9A19103F-16F7-4668-BE54-9A1E7A4F7556}") = "ActionValidator", "ActionValidator\ActionValidator.csproj", "{3F374F14-1899-41C3-987B-03E36B44B059}"
EndProject
Project("{FAE04EC0-301F-11D3-BF4B-00C04F79EFBC}") = "ActionValidatorTest", "ActionValidatorTest\ActionValidatorTest.csproj", "{AC72CDCB-2606-48E0-8A91-4A767C34AE51}"
EndProject
Global
	GlobalSection(SolutionConfigurationPlatforms) = preSolution
		Debug|Any CPU = Debug|Any CPU
		Release|Any CPU = Release|Any CPU
	EndGlobalSection
	GlobalSection(ProjectConfigurationPlatforms) = postSolution
		{3F374F14-1899-41C3-987B-03E36B44B059}.Debug|Any CPU.ActiveCfg = Debug|Any CPU
		{3F374F14-1899-41C3-987B-03E36B44B059}.Debug|Any CPU.Build.0 = Debug|Any CPU
		{3F374F14-1899-41C3-987B-03E36B44B059}.Release|Any CPU.ActiveCfg = Release|Any CPU
		{3F374F14-1899-41C3-987B-03E36B44B059}.Release|Any CPU.Build.0 = Release|Any CPU
		{AC72CDCB-2606-48E0-8A91-4A767C34AE51}.Debug|Any CPU.ActiveCfg = Debug|Any CPU
		{AC72CDCB-2606-48E0-8A91-4A767C34AE51}.Debug|Any CPU.Build.0 = Debug|Any CPU
		{AC72CDCB-2606-48E0-8A91-4A767C34AE51}.Release|Any CPU.ActiveCfg = Release|Any CPU
		{AC72CDCB-2606-48E0-8A91-4A767C34AE51}.Release|Any CPU.Build.0 = Release|Any CPU
	EndGlobalSection
	GlobalSection(SolutionProperties) = preSolution
		HideSolutionNode = FALSE
	EndGlobalSection
	GlobalSection(ExtensibilityGlobals) = postSolution
		SolutionGuid = {7DCCD2B6-49F4-43C8-8F5F-FDA1E2048223}
	EndGlobalSection
EndGlobal
